
Microsoft Visual Studio Solution File, Format Version 12.00
Project("{FAE04EC0-301F-11D3-BF4B-00C04F79EFBC}") = "BejeweledLivePlus", "BejeweledLivePlus\BejeweledLivePlus.csproj", "{6C16F0FA-EFD2-405A-B4D6-8209BC1C6EB9}"
EndProject
Project("{FAE04EC0-301F-11D3-BF4B-00C04F79EFBC}") = "SexyFramework", "SexyFramework\SexyFramework.csproj", "{4D42702F-0AF2-425A-BDF9-68A7B729045E}"
EndProject
Global
	GlobalSection(SolutionConfigurationPlatforms) = preSolution
		Debug|Any CPU = Debug|Any CPU
		Release|Any CPU = Release|Any CPU
	EndGlobalSection
	GlobalSection(ProjectConfigurationPlatforms) = postSolution
		{6C16F0FA-EFD2-405A-B4D6-8209BC1C6EB9}.Debug|Any CPU.ActiveCfg = Debug|Any CPU
		{6C16F0FA-EFD2-405A-B4D6-8209BC1C6EB9}.Debug|Any CPU.Build.0 = Debug|Any CPU
		{6C16F0FA-EFD2-405A-B4D6-8209BC1C6EB9}.Release|Any CPU.ActiveCfg = Release|Any CPU
		{6C16F0FA-EFD2-405A-B4D6-8209BC1C6EB9}.Release|Any CPU.Build.0 = Release|Any CPU
		{4D42702F-0AF2-425A-BDF9-68A7B729045E}.Debug|Any CPU.ActiveCfg = Debug|Any CPU
		{4D42702F-0AF2-425A-BDF9-68A7B729045E}.Debug|Any CPU.Build.0 = Debug|Any CPU
		{4D42702F-0AF2-425A-BDF9-68A7B729045E}.Release|Any CPU.ActiveCfg = Release|Any CPU
		{4D42702F-0AF2-425A-BDF9-68A7B729045E}.Release|Any CPU.Build.0 = Release|Any CPU
	EndGlobalSection
EndGlobal
